
Microsoft Visual Studio Solution File, Format Version 12.00
# Visual Studio Version 17
VisualStudioVersion = 17.9.34714.143
MinimumVisualStudioVersion = 10.0.40219.1
Project("{8BC9CEB8-8B4A-11D0-8D11-00A0C91BC942}") = "Heap_project_5.24", "Heap_project_5.24\Heap_project_5.24.vcxproj", "{43F43160-120A-4BEA-95AD-BD6AD43F4E00}"
EndProject
Global
	GlobalSection(SolutionConfigurationPlatforms) = preSolution
		Debug|x64 = Debug|x64
		Debug|x86 = Debug|x86
		Release|x64 = Release|x64
		Release|x86 = Release|x86
	EndGlobalSection
	GlobalSection(ProjectConfigurationPlatforms) = postSolution
		{43F43160-120A-4BEA-95AD-BD6AD43F4E00}.Debug|x64.ActiveCfg = Debug|x64
		{43F43160-120A-4BEA-95AD-BD6AD43F4E00}.Debug|x64.Build.0 = Debug|x64
		{43F43160-120A-4BEA-95AD-BD6AD43F4E00}.Debug|x86.ActiveCfg = Debug|Win32
		{43F43160-120A-4BEA-95AD-BD6AD43F4E00}.Debug|x86.Build.0 = Debug|Win32
		{43F43160-120A-4BEA-95AD-BD6AD43F4E00}.Release|x64.ActiveCfg = Release|x64
		{43F43160-120A-4BEA-95AD-BD6AD43F4E00}.Release|x64.Build.0 = Release|x64
		{43F43160-120A-4BEA-95AD-BD6AD43F4E00}.Release|x86.ActiveCfg = Release|Win32
		{43F43160-120A-4BEA-95AD-BD6AD43F4E00}.Release|x86.Build.0 = Release|Win32
	EndGlobalSection
	GlobalSection(SolutionProperties) = preSolution
		HideSolutionNode = FALSE
	EndGlobalSection
	GlobalSection(ExtensibilityGlobals) = postSolution
		SolutionGuid = {ECC4712C-DE49-4925-9A7A-BA9B0629A69D}
	EndGlobalSection
EndGlobal
